
Microsoft Visual Studio Solution File, Format Version 12.00
# Visual Studio Version 17
VisualStudioVersion = 17.4.33403.182
MinimumVisualStudioVersion = 10.0.40219.1
Project("{FAE04EC0-301F-11D3-BF4B-00C04F79EFBC}") = "SMarket", "SMarket.csproj", "{EA86ABEA-F720-463C-BA16-AF6FEAF48EE7}"
EndProject
Global
	GlobalSection(SolutionConfigurationPlatforms) = preSolution
		Debug|Any CPU = Debug|Any CPU
		Release|Any CPU = Release|Any CPU
	EndGlobalSection
	GlobalSection(ProjectConfigurationPlatforms) = postSolution
		{EA86ABEA-F720-463C-BA16-AF6FEAF48EE7}.Debug|Any CPU.ActiveCfg = Debug|Any CPU
		{EA86ABEA-F720-463C-BA16-AF6FEAF48EE7}.Debug|Any CPU.Build.0 = Debug|Any CPU
		{EA86ABEA-F720-463C-BA16-AF6FEAF48EE7}.Release|Any CPU.ActiveCfg = Release|Any CPU
		{EA86ABEA-F720-463C-BA16-AF6FEAF48EE7}.Release|Any CPU.Build.0 = Release|Any CPU
	EndGlobalSection
	GlobalSection(SolutionProperties) = preSolution
		HideSolutionNode = FALSE
	EndGlobalSection
	GlobalSection(ExtensibilityGlobals) = postSolution
		SolutionGuid = {2974AD22-35E0-493A-9C19-273E1BA9D981}
	EndGlobalSection
EndGlobal
